
Microsoft Visual Studio Solution File, Format Version 12.00
# Visual Studio Version 16
VisualStudioVersion = 16.0.31729.503
MinimumVisualStudioVersion = 10.0.40219.1
Project("{9092AA53-FB77-4645-B42D-1CCCA6BD08BD}") = "Proyecto2Backend", "Proyecto2Backend\Proyecto2Backend.njsproj", "{1F8C5AAC-6F54-43A8-BD32-DF87C2C79304}"
EndProject
Project("{8BC9CEB8-8B4A-11D0-8D11-00A0C91BC942}") = "Proyecto2Cliente", "Proyecto2Cliente\Proyecto2Cliente.vcxproj", "{5ABEEB83-DD1A-4898-821A-CF430494BB93}"
EndProject
Global
	GlobalSection(SolutionConfigurationPlatforms) = preSolution
		Debug|Any CPU = Debug|Any CPU
		Debug|x64 = Debug|x64
		Debug|x86 = Debug|x86
		Release|Any CPU = Release|Any CPU
		Release|x64 = Release|x64
		Release|x86 = Release|x86
	EndGlobalSection
	GlobalSection(ProjectConfigurationPlatforms) = postSolution
		{1F8C5AAC-6F54-43A8-BD32-DF87C2C79304}.Debug|Any CPU.ActiveCfg = Debug|Any CPU
		{1F8C5AAC-6F54-43A8-BD32-DF87C2C79304}.Debug|Any CPU.Build.0 = Debug|Any CPU
		{1F8C5AAC-6F54-43A8-BD32-DF87C2C79304}.Debug|x64.ActiveCfg = Debug|Any CPU
		{1F8C5AAC-6F54-43A8-BD32-DF87C2C79304}.Debug|x64.Build.0 = Debug|Any CPU
		{1F8C5AAC-6F54-43A8-BD32-DF87C2C79304}.Debug|x86.ActiveCfg = Debug|Any CPU
		{1F8C5AAC-6F54-43A8-BD32-DF87C2C79304}.Debug|x86.Build.0 = Debug|Any CPU
		{1F8C5AAC-6F54-43A8-BD32-DF87C2C79304}.Release|Any CPU.ActiveCfg = Release|Any CPU
		{1F8C5AAC-6F54-43A8-BD32-DF87C2C79304}.Release|Any CPU.Build.0 = Release|Any CPU
		{1F8C5AAC-6F54-43A8-BD32-DF87C2C79304}.Release|x64.ActiveCfg = Release|Any CPU
		{1F8C5AAC-6F54-43A8-BD32-DF87C2C79304}.Release|x64.Build.0 = Release|Any CPU
		{1F8C5AAC-6F54-43A8-BD32-DF87C2C79304}.Release|x86.ActiveCfg = Release|Any CPU
		{1F8C5AAC-6F54-43A8-BD32-DF87C2C79304}.Release|x86.Build.0 = Release|Any CPU
		{5ABEEB83-DD1A-4898-821A-CF430494BB93}.Debug|Any CPU.ActiveCfg = Debug|Win32
		{5ABEEB83-DD1A-4898-821A-CF430494BB93}.Debug|x64.ActiveCfg = Debug|x64
		{5ABEEB83-DD1A-4898-821A-CF430494BB93}.Debug|x64.Build.0 = Debug|x64
		{5ABEEB83-DD1A-4898-821A-CF430494BB93}.Debug|x86.ActiveCfg = Debug|Win32
		{5ABEEB83-DD1A-4898-821A-CF430494BB93}.Debug|x86.Build.0 = Debug|Win32
		{5ABEEB83-DD1A-4898-821A-CF430494BB93}.Release|Any CPU.ActiveCfg = Release|x64
		{5ABEEB83-DD1A-4898-821A-CF430494BB93}.Release|Any CPU.Build.0 = Release|x64
		{5ABEEB83-DD1A-4898-821A-CF430494BB93}.Release|x64.ActiveCfg = Release|x64
		{5ABEEB83-DD1A-4898-821A-CF430494BB93}.Release|x64.Build.0 = Release|x64
		{5ABEEB83-DD1A-4898-821A-CF430494BB93}.Release|x86.ActiveCfg = Release|Win32
		{5ABEEB83-DD1A-4898-821A-CF430494BB93}.Release|x86.Build.0 = Release|Win32
	EndGlobalSection
	GlobalSection(SolutionProperties) = preSolution
		HideSolutionNode = FALSE
	EndGlobalSection
	GlobalSection(ExtensibilityGlobals) = postSolution
		SolutionGuid = {62A1FEB1-8921-4420-9D4C-8E114E1DAF78}
	EndGlobalSection
EndGlobal
